
Microsoft Visual Studio Solution File, Format Version 12.00
# Visual Studio 15
VisualStudioVersion = 15.0.28307.168
MinimumVisualStudioVersion = 10.0.40219.1
Project("{9A19103F-16F7-4668-BE54-9A1E7A4F7556}") = "GEthManager", "GEthManager\GEthManager.csproj", "{7698794D-D66A-4424-B0AB-5D887EE194F9}"
EndProject
Project("{9A19103F-16F7-4668-BE54-9A1E7A4F7556}") = "Asmodat Standard", "..\..\Asmodat-Standard\Asmodat Standard\Asmodat Standard.csproj", "{98898D35-FDAC-44CD-B11D-CAB822FACA9D}"
EndProject
Project("{9A19103F-16F7-4668-BE54-9A1E7A4F7556}") = "AWSWrapper", "..\..\AWSWrapper\AWSWrapper.csproj", "{1B19950F-58EE-46D8-AA11-758671105E4D}"
EndProject
Project("{9A19103F-16F7-4668-BE54-9A1E7A4F7556}") = "Asmodat Standard Test", "..\..\Asmodat-Standard\Asmodat Standard Test\Asmodat Standard Test.csproj", "{6E526F3B-44E3-40D7-9605-1AB800AC9578}"
EndProject
Global
	GlobalSection(SolutionConfigurationPlatforms) = preSolution
		Debug|Any CPU = Debug|Any CPU
		Debug|x64 = Debug|x64
		Release|Any CPU = Release|Any CPU
		Release|x64 = Release|x64
	EndGlobalSection
	GlobalSection(ProjectConfigurationPlatforms) = postSolution
		{7698794D-D66A-4424-B0AB-5D887EE194F9}.Debug|Any CPU.ActiveCfg = Debug|Any CPU
		{7698794D-D66A-4424-B0AB-5D887EE194F9}.Debug|Any CPU.Build.0 = Debug|Any CPU
		{7698794D-D66A-4424-B0AB-5D887EE194F9}.Debug|x64.ActiveCfg = Debug|Any CPU
		{7698794D-D66A-4424-B0AB-5D887EE194F9}.Debug|x64.Build.0 = Debug|Any CPU
		{7698794D-D66A-4424-B0AB-5D887EE194F9}.Release|Any CPU.ActiveCfg = Release|Any CPU
		{7698794D-D66A-4424-B0AB-5D887EE194F9}.Release|Any CPU.Build.0 = Release|Any CPU
		{7698794D-D66A-4424-B0AB-5D887EE194F9}.Release|x64.ActiveCfg = Release|Any CPU
		{7698794D-D66A-4424-B0AB-5D887EE194F9}.Release|x64.Build.0 = Release|Any CPU
		{98898D35-FDAC-44CD-B11D-CAB822FACA9D}.Debug|Any CPU.ActiveCfg = Debug|Any CPU
		{98898D35-FDAC-44CD-B11D-CAB822FACA9D}.Debug|Any CPU.Build.0 = Debug|Any CPU
		{98898D35-FDAC-44CD-B11D-CAB822FACA9D}.Debug|x64.ActiveCfg = Debug|x64
		{98898D35-FDAC-44CD-B11D-CAB822FACA9D}.Debug|x64.Build.0 = Debug|x64
		{98898D35-FDAC-44CD-B11D-CAB822FACA9D}.Release|Any CPU.ActiveCfg = Release|Any CPU
		{98898D35-FDAC-44CD-B11D-CAB822FACA9D}.Release|Any CPU.Build.0 = Release|Any CPU
		{98898D35-FDAC-44CD-B11D-CAB822FACA9D}.Release|x64.ActiveCfg = Release|x64
		{98898D35-FDAC-44CD-B11D-CAB822FACA9D}.Release|x64.Build.0 = Release|x64
		{1B19950F-58EE-46D8-AA11-758671105E4D}.Debug|Any CPU.ActiveCfg = Debug|Any CPU
		{1B19950F-58EE-46D8-AA11-758671105E4D}.Debug|Any CPU.Build.0 = Debug|Any CPU
		{1B19950F-58EE-46D8-AA11-758671105E4D}.Debug|x64.ActiveCfg = Debug|Any CPU
		{1B19950F-58EE-46D8-AA11-758671105E4D}.Debug|x64.Build.0 = Debug|Any CPU
		{1B19950F-58EE-46D8-AA11-758671105E4D}.Release|Any CPU.ActiveCfg = Release|Any CPU
		{1B19950F-58EE-46D8-AA11-758671105E4D}.Release|Any CPU.Build.0 = Release|Any CPU
		{1B19950F-58EE-46D8-AA11-758671105E4D}.Release|x64.ActiveCfg = Release|Any CPU
		{1B19950F-58EE-46D8-AA11-758671105E4D}.Release|x64.Build.0 = Release|Any CPU
		{6E526F3B-44E3-40D7-9605-1AB800AC9578}.Debug|Any CPU.ActiveCfg = Debug|Any CPU
		{6E526F3B-44E3-40D7-9605-1AB800AC9578}.Debug|Any CPU.Build.0 = Debug|Any CPU
		{6E526F3B-44E3-40D7-9605-1AB800AC9578}.Debug|x64.ActiveCfg = Debug|x64
		{6E526F3B-44E3-40D7-9605-1AB800AC9578}.Debug|x64.Build.0 = Debug|x64
		{6E526F3B-44E3-40D7-9605-1AB800AC9578}.Release|Any CPU.ActiveCfg = Release|Any CPU
		{6E526F3B-44E3-40D7-9605-1AB800AC9578}.Release|Any CPU.Build.0 = Release|Any CPU
		{6E526F3B-44E3-40D7-9605-1AB800AC9578}.Release|x64.ActiveCfg = Release|x64
		{6E526F3B-44E3-40D7-9605-1AB800AC9578}.Release|x64.Build.0 = Release|x64
	EndGlobalSection
	GlobalSection(SolutionProperties) = preSolution
		HideSolutionNode = FALSE
	EndGlobalSection
	GlobalSection(ExtensibilityGlobals) = postSolution
		SolutionGuid = {8D69FAD4-4AF6-4D78-AB0C-7D18096BB954}
	EndGlobalSection
EndGlobal
