
Microsoft Visual Studio Solution File, Format Version 12.00
# Visual Studio 15
VisualStudioVersion = 15.0.28307.168
MinimumVisualStudioVersion = 10.0.40219.1
Project("{9A19103F-16F7-4668-BE54-9A1E7A4F7556}") = "GEthManager", "GEthManager\GEthManager.csproj", "{7698794D-D66A-4424-B0AB-5D887EE194F9}"
EndProject
Project("{9A19103F-16F7-4668-BE54-9A1E7A4F7556}") = "AWSWrapper", "AWSWrapper\AWSWrapper.csproj", "{14302459-ACAF-4315-9C4B-386F8915B539}"
EndProject
Project("{9A19103F-16F7-4668-BE54-9A1E7A4F7556}") = "Asmodat Standard", "AWSWrapper\Asmodat-Standard\Asmodat Standard\Asmodat Standard.csproj", "{84144845-77B8-4DC1-B884-0C3C7AB94854}"
EndProject
Global
	GlobalSection(SolutionConfigurationPlatforms) = preSolution
		Debug|Any CPU = Debug|Any CPU
		Debug|x64 = Debug|x64
		Release|Any CPU = Release|Any CPU
		Release|x64 = Release|x64
	EndGlobalSection
	GlobalSection(ProjectConfigurationPlatforms) = postSolution
		{7698794D-D66A-4424-B0AB-5D887EE194F9}.Debug|Any CPU.ActiveCfg = Debug|Any CPU
		{7698794D-D66A-4424-B0AB-5D887EE194F9}.Debug|Any CPU.Build.0 = Debug|Any CPU
		{7698794D-D66A-4424-B0AB-5D887EE194F9}.Debug|x64.ActiveCfg = Debug|Any CPU
		{7698794D-D66A-4424-B0AB-5D887EE194F9}.Debug|x64.Build.0 = Debug|Any CPU
		{7698794D-D66A-4424-B0AB-5D887EE194F9}.Release|Any CPU.ActiveCfg = Release|Any CPU
		{7698794D-D66A-4424-B0AB-5D887EE194F9}.Release|Any CPU.Build.0 = Release|Any CPU
		{7698794D-D66A-4424-B0AB-5D887EE194F9}.Release|x64.ActiveCfg = Release|Any CPU
		{7698794D-D66A-4424-B0AB-5D887EE194F9}.Release|x64.Build.0 = Release|Any CPU
		{14302459-ACAF-4315-9C4B-386F8915B539}.Debug|Any CPU.ActiveCfg = Debug|Any CPU
		{14302459-ACAF-4315-9C4B-386F8915B539}.Debug|Any CPU.Build.0 = Debug|Any CPU
		{14302459-ACAF-4315-9C4B-386F8915B539}.Debug|x64.ActiveCfg = Debug|Any CPU
		{14302459-ACAF-4315-9C4B-386F8915B539}.Debug|x64.Build.0 = Debug|Any CPU
		{14302459-ACAF-4315-9C4B-386F8915B539}.Release|Any CPU.ActiveCfg = Release|Any CPU
		{14302459-ACAF-4315-9C4B-386F8915B539}.Release|Any CPU.Build.0 = Release|Any CPU
		{14302459-ACAF-4315-9C4B-386F8915B539}.Release|x64.ActiveCfg = Release|Any CPU
		{14302459-ACAF-4315-9C4B-386F8915B539}.Release|x64.Build.0 = Release|Any CPU
		{84144845-77B8-4DC1-B884-0C3C7AB94854}.Debug|Any CPU.ActiveCfg = Debug|Any CPU
		{84144845-77B8-4DC1-B884-0C3C7AB94854}.Debug|Any CPU.Build.0 = Debug|Any CPU
		{84144845-77B8-4DC1-B884-0C3C7AB94854}.Debug|x64.ActiveCfg = Debug|x64
		{84144845-77B8-4DC1-B884-0C3C7AB94854}.Debug|x64.Build.0 = Debug|x64
		{84144845-77B8-4DC1-B884-0C3C7AB94854}.Release|Any CPU.ActiveCfg = Release|Any CPU
		{84144845-77B8-4DC1-B884-0C3C7AB94854}.Release|Any CPU.Build.0 = Release|Any CPU
		{84144845-77B8-4DC1-B884-0C3C7AB94854}.Release|x64.ActiveCfg = Release|x64
		{84144845-77B8-4DC1-B884-0C3C7AB94854}.Release|x64.Build.0 = Release|x64
	EndGlobalSection
	GlobalSection(SolutionProperties) = preSolution
		HideSolutionNode = FALSE
	EndGlobalSection
	GlobalSection(ExtensibilityGlobals) = postSolution
		SolutionGuid = {8D69FAD4-4AF6-4D78-AB0C-7D18096BB954}
	EndGlobalSection
EndGlobal
